
Microsoft Visual Studio Solution File, Format Version 12.00
# Visual Studio 14
VisualStudioVersion = 14.0.24720.0
MinimumVisualStudioVersion = 10.0.40219.1
Project("{FAE04EC0-301F-11D3-BF4B-00C04F79EFBC}") = "RemoteWindowsAgent", "RemoteWindowsAgent\RemoteWindowsAgent.csproj", "{4E1AC0DB-4B7A-462B-9361-56307221DC68}"
EndProject
Project("{930C7802-8A8C-48F9-8165-68863BCCD9DD}") = "TestSetup", "TestSetup\TestSetup.wixproj", "{90C89021-EB66-4428-AF92-AC5426E9F201}"
EndProject
Project("{930C7802-8A8C-48F9-8165-68863BCCD9DD}") = "RemoteWindowsAgentInstaller", "RemoteWindowsAgentInstaller\RemoteWindowsAgentInstaller.wixproj", "{A2FA1472-672C-43DF-A1CB-B812563FF46C}"
EndProject
Project("{FAE04EC0-301F-11D3-BF4B-00C04F79EFBC}") = "AgentConfiguration", "AgentConfiguration\AgentConfiguration.csproj", "{FB7FD12A-B440-4D6F-BB66-F2DBC20C0C45}"
EndProject
Global
	GlobalSection(SolutionConfigurationPlatforms) = preSolution
		Debug|Any CPU = Debug|Any CPU
		Debug|Mixed Platforms = Debug|Mixed Platforms
		Debug|x86 = Debug|x86
		Release|Any CPU = Release|Any CPU
		Release|Mixed Platforms = Release|Mixed Platforms
		Release|x86 = Release|x86
	EndGlobalSection
	GlobalSection(ProjectConfigurationPlatforms) = postSolution
		{4E1AC0DB-4B7A-462B-9361-56307221DC68}.Debug|Any CPU.ActiveCfg = Debug|Any CPU
		{4E1AC0DB-4B7A-462B-9361-56307221DC68}.Debug|Any CPU.Build.0 = Debug|Any CPU
		{4E1AC0DB-4B7A-462B-9361-56307221DC68}.Debug|Mixed Platforms.ActiveCfg = Debug|Any CPU
		{4E1AC0DB-4B7A-462B-9361-56307221DC68}.Debug|Mixed Platforms.Build.0 = Debug|Any CPU
		{4E1AC0DB-4B7A-462B-9361-56307221DC68}.Debug|x86.ActiveCfg = Debug|Any CPU
		{4E1AC0DB-4B7A-462B-9361-56307221DC68}.Release|Any CPU.ActiveCfg = Release|Any CPU
		{4E1AC0DB-4B7A-462B-9361-56307221DC68}.Release|Any CPU.Build.0 = Release|Any CPU
		{4E1AC0DB-4B7A-462B-9361-56307221DC68}.Release|Mixed Platforms.ActiveCfg = Release|Any CPU
		{4E1AC0DB-4B7A-462B-9361-56307221DC68}.Release|Mixed Platforms.Build.0 = Release|Any CPU
		{4E1AC0DB-4B7A-462B-9361-56307221DC68}.Release|x86.ActiveCfg = Release|Any CPU
		{90C89021-EB66-4428-AF92-AC5426E9F201}.Debug|Any CPU.ActiveCfg = Debug|x86
		{90C89021-EB66-4428-AF92-AC5426E9F201}.Debug|Any CPU.Build.0 = Debug|x86
		{90C89021-EB66-4428-AF92-AC5426E9F201}.Debug|Mixed Platforms.ActiveCfg = Debug|x86
		{90C89021-EB66-4428-AF92-AC5426E9F201}.Debug|Mixed Platforms.Build.0 = Debug|x86
		{90C89021-EB66-4428-AF92-AC5426E9F201}.Debug|x86.ActiveCfg = Debug|x86
		{90C89021-EB66-4428-AF92-AC5426E9F201}.Debug|x86.Build.0 = Debug|x86
		{90C89021-EB66-4428-AF92-AC5426E9F201}.Release|Any CPU.ActiveCfg = Release|x86
		{90C89021-EB66-4428-AF92-AC5426E9F201}.Release|Mixed Platforms.ActiveCfg = Release|x86
		{90C89021-EB66-4428-AF92-AC5426E9F201}.Release|Mixed Platforms.Build.0 = Release|x86
		{90C89021-EB66-4428-AF92-AC5426E9F201}.Release|x86.ActiveCfg = Release|x86
		{90C89021-EB66-4428-AF92-AC5426E9F201}.Release|x86.Build.0 = Release|x86
		{A2FA1472-672C-43DF-A1CB-B812563FF46C}.Debug|Any CPU.ActiveCfg = Debug|x86
		{A2FA1472-672C-43DF-A1CB-B812563FF46C}.Debug|Any CPU.Build.0 = Debug|x86
		{A2FA1472-672C-43DF-A1CB-B812563FF46C}.Debug|Mixed Platforms.ActiveCfg = Debug|x86
		{A2FA1472-672C-43DF-A1CB-B812563FF46C}.Debug|Mixed Platforms.Build.0 = Debug|x86
		{A2FA1472-672C-43DF-A1CB-B812563FF46C}.Debug|x86.ActiveCfg = Debug|x86
		{A2FA1472-672C-43DF-A1CB-B812563FF46C}.Debug|x86.Build.0 = Debug|x86
		{A2FA1472-672C-43DF-A1CB-B812563FF46C}.Release|Any CPU.ActiveCfg = Release|x86
		{A2FA1472-672C-43DF-A1CB-B812563FF46C}.Release|Mixed Platforms.ActiveCfg = Release|x86
		{A2FA1472-672C-43DF-A1CB-B812563FF46C}.Release|Mixed Platforms.Build.0 = Release|x86
		{A2FA1472-672C-43DF-A1CB-B812563FF46C}.Release|x86.ActiveCfg = Release|x86
		{A2FA1472-672C-43DF-A1CB-B812563FF46C}.Release|x86.Build.0 = Release|x86
		{FB7FD12A-B440-4D6F-BB66-F2DBC20C0C45}.Debug|Any CPU.ActiveCfg = Debug|x86
		{FB7FD12A-B440-4D6F-BB66-F2DBC20C0C45}.Debug|Any CPU.Build.0 = Debug|x86
		{FB7FD12A-B440-4D6F-BB66-F2DBC20C0C45}.Debug|Mixed Platforms.ActiveCfg = Debug|x86
		{FB7FD12A-B440-4D6F-BB66-F2DBC20C0C45}.Debug|Mixed Platforms.Build.0 = Debug|x86
		{FB7FD12A-B440-4D6F-BB66-F2DBC20C0C45}.Debug|x86.ActiveCfg = Debug|x86
		{FB7FD12A-B440-4D6F-BB66-F2DBC20C0C45}.Debug|x86.Build.0 = Debug|x86
		{FB7FD12A-B440-4D6F-BB66-F2DBC20C0C45}.Release|Any CPU.ActiveCfg = Release|x86
		{FB7FD12A-B440-4D6F-BB66-F2DBC20C0C45}.Release|Mixed Platforms.ActiveCfg = Release|x86
		{FB7FD12A-B440-4D6F-BB66-F2DBC20C0C45}.Release|Mixed Platforms.Build.0 = Release|x86
		{FB7FD12A-B440-4D6F-BB66-F2DBC20C0C45}.Release|x86.ActiveCfg = Release|x86
		{FB7FD12A-B440-4D6F-BB66-F2DBC20C0C45}.Release|x86.Build.0 = Release|x86
	EndGlobalSection
	GlobalSection(SolutionProperties) = preSolution
		HideSolutionNode = FALSE
	EndGlobalSection
EndGlobal
